
Microsoft Visual Studio Solution File, Format Version 12.00
# Visual Studio Version 16
VisualStudioVersion = 16.0.30804.86
MinimumVisualStudioVersion = 10.0.40219.1
Project("{FAE04EC0-301F-11D3-BF4B-00C04F79EFBC}") = "MicroService.User.WebApi", "MicroService.User.WebApi\MicroService.User.WebApi.csproj", "{68222C0D-D7D3-4C43-AB8B-15916D31D46A}"
EndProject
Project("{FAE04EC0-301F-11D3-BF4B-00C04F79EFBC}") = "MicroService.User.Service", "MicroService.User.Service\MicroService.User.Service.csproj", "{4E829F85-7ED6-4858-B5BF-60BCBA6439AF}"
EndProject
Global
	GlobalSection(SolutionConfigurationPlatforms) = preSolution
		Debug|Any CPU = Debug|Any CPU
		Release|Any CPU = Release|Any CPU
	EndGlobalSection
	GlobalSection(ProjectConfigurationPlatforms) = postSolution
		{68222C0D-D7D3-4C43-AB8B-15916D31D46A}.Debug|Any CPU.ActiveCfg = Debug|Any CPU
		{68222C0D-D7D3-4C43-AB8B-15916D31D46A}.Debug|Any CPU.Build.0 = Debug|Any CPU
		{68222C0D-D7D3-4C43-AB8B-15916D31D46A}.Release|Any CPU.ActiveCfg = Release|Any CPU
		{68222C0D-D7D3-4C43-AB8B-15916D31D46A}.Release|Any CPU.Build.0 = Release|Any CPU
		{4E829F85-7ED6-4858-B5BF-60BCBA6439AF}.Debug|Any CPU.ActiveCfg = Debug|Any CPU
		{4E829F85-7ED6-4858-B5BF-60BCBA6439AF}.Debug|Any CPU.Build.0 = Debug|Any CPU
		{4E829F85-7ED6-4858-B5BF-60BCBA6439AF}.Release|Any CPU.ActiveCfg = Release|Any CPU
		{4E829F85-7ED6-4858-B5BF-60BCBA6439AF}.Release|Any CPU.Build.0 = Release|Any CPU
	EndGlobalSection
	GlobalSection(SolutionProperties) = preSolution
		HideSolutionNode = FALSE
	EndGlobalSection
	GlobalSection(ExtensibilityGlobals) = postSolution
		SolutionGuid = {60E21BC7-3DCE-4495-B197-1FD95260FEE3}
	EndGlobalSection
EndGlobal
